
Microsoft Visual Studio Solution File, Format Version 12.00
# Visual Studio Version 16
VisualStudioVersion = 16.0.32106.194
MinimumVisualStudioVersion = 10.0.40219.1
Project("{8BC9CEB8-8B4A-11D0-8D11-00A0C91BC942}") = "DS2-1", "DS2-1\DS2-1.vcxproj", "{7196481A-115D-4EA5-BD7D-201130770BBF}"
EndProject
Project("{8BC9CEB8-8B4A-11D0-8D11-00A0C91BC942}") = "3-stack-queue", "3-stack-queue\3-stack-queue.vcxproj", "{E4890D61-9CB2-4ED0-B8F8-A11D247AAC56}"
EndProject
Global
	GlobalSection(SolutionConfigurationPlatforms) = preSolution
		Debug|x64 = Debug|x64
		Debug|x86 = Debug|x86
		Release|x64 = Release|x64
		Release|x86 = Release|x86
	EndGlobalSection
	GlobalSection(ProjectConfigurationPlatforms) = postSolution
		{7196481A-115D-4EA5-BD7D-201130770BBF}.Debug|x64.ActiveCfg = Debug|x64
		{7196481A-115D-4EA5-BD7D-201130770BBF}.Debug|x64.Build.0 = Debug|x64
		{7196481A-115D-4EA5-BD7D-201130770BBF}.Debug|x86.ActiveCfg = Debug|Win32
		{7196481A-115D-4EA5-BD7D-201130770BBF}.Debug|x86.Build.0 = Debug|Win32
		{7196481A-115D-4EA5-BD7D-201130770BBF}.Release|x64.ActiveCfg = Release|x64
		{7196481A-115D-4EA5-BD7D-201130770BBF}.Release|x64.Build.0 = Release|x64
		{7196481A-115D-4EA5-BD7D-201130770BBF}.Release|x86.ActiveCfg = Release|Win32
		{7196481A-115D-4EA5-BD7D-201130770BBF}.Release|x86.Build.0 = Release|Win32
		{E4890D61-9CB2-4ED0-B8F8-A11D247AAC56}.Debug|x64.ActiveCfg = Debug|x64
		{E4890D61-9CB2-4ED0-B8F8-A11D247AAC56}.Debug|x64.Build.0 = Debug|x64
		{E4890D61-9CB2-4ED0-B8F8-A11D247AAC56}.Debug|x86.ActiveCfg = Debug|Win32
		{E4890D61-9CB2-4ED0-B8F8-A11D247AAC56}.Debug|x86.Build.0 = Debug|Win32
		{E4890D61-9CB2-4ED0-B8F8-A11D247AAC56}.Release|x64.ActiveCfg = Release|x64
		{E4890D61-9CB2-4ED0-B8F8-A11D247AAC56}.Release|x64.Build.0 = Release|x64
		{E4890D61-9CB2-4ED0-B8F8-A11D247AAC56}.Release|x86.ActiveCfg = Release|Win32
		{E4890D61-9CB2-4ED0-B8F8-A11D247AAC56}.Release|x86.Build.0 = Release|Win32
	EndGlobalSection
	GlobalSection(SolutionProperties) = preSolution
		HideSolutionNode = FALSE
	EndGlobalSection
	GlobalSection(ExtensibilityGlobals) = postSolution
		SolutionGuid = {5ADFA64C-CF79-4A67-90E7-F1571A71BB6D}
	EndGlobalSection
EndGlobal
